
Microsoft Visual Studio Solution File, Format Version 12.00
# Visual Studio Version 17
VisualStudioVersion = 17.9.34714.143
MinimumVisualStudioVersion = 10.0.40219.1
Project("{FAE04EC0-301F-11D3-BF4B-00C04F79EFBC}") = "DynamicForm.Presentation", "DynamicForm.Presentation\DynamicForm.Presentation.csproj", "{873F65D6-64BE-4527-B144-522AECE82215}"
EndProject
Global
	GlobalSection(SolutionConfigurationPlatforms) = preSolution
		Debug|Any CPU = Debug|Any CPU
		Release|Any CPU = Release|Any CPU
	EndGlobalSection
	GlobalSection(ProjectConfigurationPlatforms) = postSolution
		{873F65D6-64BE-4527-B144-522AECE82215}.Debug|Any CPU.ActiveCfg = Debug|Any CPU
		{873F65D6-64BE-4527-B144-522AECE82215}.Debug|Any CPU.Build.0 = Debug|Any CPU
		{873F65D6-64BE-4527-B144-522AECE82215}.Release|Any CPU.ActiveCfg = Release|Any CPU
		{873F65D6-64BE-4527-B144-522AECE82215}.Release|Any CPU.Build.0 = Release|Any CPU
	EndGlobalSection
	GlobalSection(SolutionProperties) = preSolution
		HideSolutionNode = FALSE
	EndGlobalSection
	GlobalSection(ExtensibilityGlobals) = postSolution
		SolutionGuid = {AF706B9F-F903-48BE-BD5C-9F27703267BE}
	EndGlobalSection
EndGlobal
